
Microsoft Visual Studio Solution File, Format Version 12.00
# Visual Studio Version 16
VisualStudioVersion = 16.0.30717.126
MinimumVisualStudioVersion = 10.0.40219.1
Project("{FAE04EC0-301F-11D3-BF4B-00C04F79EFBC}") = "NguyenDucTin_BookStore", "NguyenDucTin_BookStore\NguyenDucTin_BookStore.csproj", "{4AA1C0E2-E96D-4D08-921A-F75F5C02F926}"
EndProject
Global
	GlobalSection(SolutionConfigurationPlatforms) = preSolution
		Debug|Any CPU = Debug|Any CPU
		Release|Any CPU = Release|Any CPU
	EndGlobalSection
	GlobalSection(ProjectConfigurationPlatforms) = postSolution
		{4AA1C0E2-E96D-4D08-921A-F75F5C02F926}.Debug|Any CPU.ActiveCfg = Debug|Any CPU
		{4AA1C0E2-E96D-4D08-921A-F75F5C02F926}.Debug|Any CPU.Build.0 = Debug|Any CPU
		{4AA1C0E2-E96D-4D08-921A-F75F5C02F926}.Release|Any CPU.ActiveCfg = Release|Any CPU
		{4AA1C0E2-E96D-4D08-921A-F75F5C02F926}.Release|Any CPU.Build.0 = Release|Any CPU
	EndGlobalSection
	GlobalSection(SolutionProperties) = preSolution
		HideSolutionNode = FALSE
	EndGlobalSection
	GlobalSection(ExtensibilityGlobals) = postSolution
		SolutionGuid = {B20AD749-8887-4BC1-86A4-ECB7040F23AC}
	EndGlobalSection
EndGlobal
